
Microsoft Visual Studio Solution File, Format Version 12.00
# Visual Studio Version 17
VisualStudioVersion = 17.0.31512.422
MinimumVisualStudioVersion = 10.0.40219.1
Project("{FAE04EC0-301F-11D3-BF4B-00C04F79EFBC}") = "WebSiteStatus", "WebSiteStatus\WebSiteStatus.csproj", "{74AD5B60-B0CC-48EA-B4D2-D6FE9405DBE0}"
EndProject
Global
	GlobalSection(SolutionConfigurationPlatforms) = preSolution
		Debug|Any CPU = Debug|Any CPU
		Release|Any CPU = Release|Any CPU
	EndGlobalSection
	GlobalSection(ProjectConfigurationPlatforms) = postSolution
		{74AD5B60-B0CC-48EA-B4D2-D6FE9405DBE0}.Debug|Any CPU.ActiveCfg = Debug|Any CPU
		{74AD5B60-B0CC-48EA-B4D2-D6FE9405DBE0}.Debug|Any CPU.Build.0 = Debug|Any CPU
		{74AD5B60-B0CC-48EA-B4D2-D6FE9405DBE0}.Release|Any CPU.ActiveCfg = Release|Any CPU
		{74AD5B60-B0CC-48EA-B4D2-D6FE9405DBE0}.Release|Any CPU.Build.0 = Release|Any CPU
	EndGlobalSection
	GlobalSection(SolutionProperties) = preSolution
		HideSolutionNode = FALSE
	EndGlobalSection
	GlobalSection(ExtensibilityGlobals) = postSolution
		SolutionGuid = {334E848A-47ED-43EB-811F-6607796137C1}
	EndGlobalSection
EndGlobal
